
Microsoft Visual Studio Solution File, Format Version 12.00
Project("{2150E333-8FDC-42A3-9474-1A3956D46DE8}") = "Clustering", "Clustering", "{D69DF265-249C-488C-8CC1-B33487AA19DA}"
EndProject
Project("{2150E333-8FDC-42A3-9474-1A3956D46DE8}") = "Persistence", "Persistence", "{7796E3D6-5FAA-4867-A213-32A4120D7B46}"
EndProject
Project("{FAE04EC0-301F-11D3-BF4B-00C04F79EFBC}") = "Proto.Persistence.Couchbase", "src\persistence\Proto.Persistence.Couchbase\Proto.Persistence.Couchbase.csproj", "{7A5E4721-7FA6-4730-99C6-E098481CA20C}"
EndProject
Project("{FAE04EC0-301F-11D3-BF4B-00C04F79EFBC}") = "Proto.Persistence.DynamoDB", "src\persistence\Proto.Persistence.DynamoDB\Proto.Persistence.DynamoDB.csproj", "{AF0E9955-6C57-46A6-B11B-AA0AB3628331}"
EndProject
Project("{FAE04EC0-301F-11D3-BF4B-00C04F79EFBC}") = "Proto.Persistence.Marten", "src\persistence\Proto.Persistence.Marten\Proto.Persistence.Marten.csproj", "{43B397CD-03D5-4C46-A661-4A176D13598B}"
EndProject
Project("{FAE04EC0-301F-11D3-BF4B-00C04F79EFBC}") = "Proto.Persistence.MongoDB", "src\persistence\Proto.Persistence.MongoDB\Proto.Persistence.MongoDB.csproj", "{4A088F98-7D5B-4DAB-ABF5-D23AC1A07AC5}"
EndProject
Project("{FAE04EC0-301F-11D3-BF4B-00C04F79EFBC}") = "Proto.Persistence.RavenDB", "src\persistence\Proto.Persistence.RavenDB\Proto.Persistence.RavenDB.csproj", "{551466A9-1E7A-4438-9173-44F5C24DD052}"
EndProject
Project("{FAE04EC0-301F-11D3-BF4B-00C04F79EFBC}") = "Proto.Persistence.Sqlite", "src\persistence\Proto.Persistence.Sqlite\Proto.Persistence.Sqlite.csproj", "{5DE15B17-9EBA-48DD-88BE-893660DB9A91}"
EndProject
Project("{FAE04EC0-301F-11D3-BF4B-00C04F79EFBC}") = "Proto.Persistence.SqlServer", "src\persistence\Proto.Persistence.SqlServer\Proto.Persistence.SqlServer.csproj", "{138B9857-119A-46C2-8331-FFE565CC48B0}"
EndProject
Project("{2150E333-8FDC-42A3-9474-1A3956D46DE8}") = "Serialization", "Serialization", "{F176E3CB-5CD5-4A0B-B41A-2E51646F7A46}"
EndProject
Project("{FAE04EC0-301F-11D3-BF4B-00C04F79EFBC}") = "Proto.Serialization.Wire", "src\serialization\Proto.Serialization.Wire\Proto.Serialization.Wire.csproj", "{0F829818-0DCD-4FEF-8195-9813A2568E92}"
EndProject
Project("{2150E333-8FDC-42A3-9474-1A3956D46DE8}") = "Diagnostics", "Diagnostics", "{8BEDAC75-5592-4ADC-B24C-D310E30A465C}"
EndProject
Project("{FAE04EC0-301F-11D3-BF4B-00C04F79EFBC}") = "Proto.OpenTracing", "src\diagnostics\Proto.OpenTracing\Proto.OpenTracing.csproj", "{70819B45-7A6B-4CAE-AD85-CEA6A78ED3D7}"
EndProject
Project("{FAE04EC0-301F-11D3-BF4B-00C04F79EFBC}") = "Proto.Cluster.Consul", "src\clustering\Proto.Cluster.Consul\Proto.Cluster.Consul.csproj", "{79C9363B-0948-4A10-830E-92231DC92DA0}"
EndProject
Project("{FAE04EC0-301F-11D3-BF4B-00C04F79EFBC}") = "Proto.Cluster.WeightedMemberStrategy", "src\clustering\Proto.Cluster.WeightedMemberStrategy\Proto.Cluster.WeightedMemberStrategy.csproj", "{F2482D27-98FE-4B42-88A5-27744B80E5F3}"
EndProject
Project("{2150E333-8FDC-42A3-9474-1A3956D46DE8}") = "Scheduling", "Scheduling", "{42894807-FBF3-41C1-9B73-36F6AF1207A0}"
EndProject
Project("{FAE04EC0-301F-11D3-BF4B-00C04F79EFBC}") = "Proto.Schedulers.SimpleScheduler", "src\scheduling\Proto.Scheduler.SimpleScheduler\Proto.Schedulers.SimpleScheduler.csproj", "{9C90CCAE-274E-4E70-8B7D-6FE307107F64}"
EndProject
Project("{FAE04EC0-301F-11D3-BF4B-00C04F79EFBC}") = "Proto.Cluster.SingleRemoteInstance", "src\clustering\Proto.Cluster.SingleRemoteInstance\Proto.Cluster.SingleRemoteInstance.csproj", "{12CA1D41-F80A-47FF-A293-7A6410C1EAA5}"
EndProject
Project("{2150E333-8FDC-42A3-9474-1A3956D46DE8}") = "Benchmarks", "Benchmarks", "{9C27B4A5-97CF-46F0-AD1D-6899D238E1AB}"
EndProject
Project("{2150E333-8FDC-42A3-9474-1A3956D46DE8}") = "RemoteBenchmarkWireSerializer", "RemoteBenchmarkWireSerializer", "{3A4B94E0-1078-488D-978F-BAFB71674381}"
EndProject
Project("{FAE04EC0-301F-11D3-BF4B-00C04F79EFBC}") = "Messages", "benchmarks\RemoteBenchmarkWireSerializer\Messages\Messages.csproj", "{B6262CC6-3F09-4ABF-B1DC-10259EEB1CCC}"
EndProject
Project("{FAE04EC0-301F-11D3-BF4B-00C04F79EFBC}") = "Node1", "benchmarks\RemoteBenchmarkWireSerializer\Node1\Node1.csproj", "{609A371C-3F61-452F-8E0C-6FC11F564B7E}"
EndProject
Project("{FAE04EC0-301F-11D3-BF4B-00C04F79EFBC}") = "Node2", "benchmarks\RemoteBenchmarkWireSerializer\Node2\Node2.csproj", "{1FA651EB-2634-42BE-BFD3-D103E26F6519}"
EndProject
Project("{2150E333-8FDC-42A3-9474-1A3956D46DE8}") = "Examples", "Examples", "{749669AE-5A73-4818-9153-47D3338551A4}"
EndProject
Project("{2150E333-8FDC-42A3-9474-1A3956D46DE8}") = "Persistence", "Persistence", "{F180797D-D2B7-4EC8-A0BC-65EAB4C475F9}"
EndProject
Project("{FAE04EC0-301F-11D3-BF4B-00C04F79EFBC}") = "Messages", "examples\persistence\Messages\Messages.csproj", "{69F69497-0C86-410F-9908-F7572FE2D9E3}"
EndProject
Project("{FAE04EC0-301F-11D3-BF4B-00C04F79EFBC}") = "Persistence", "examples\persistence\Persistence\Persistence.csproj", "{FF26DB91-A59A-48A1-A597-FB4C71B67103}"
EndProject
Project("{2150E333-8FDC-42A3-9474-1A3956D46DE8}") = "Tracing", "Tracing", "{32833839-B8C2-4972-A6C3-0A9A8DF26144}"
EndProject
Project("{FAE04EC0-301F-11D3-BF4B-00C04F79EFBC}") = "DrawNiceTrace", "examples\tracing\DrawNiceTrace\DrawNiceTrace.csproj", "{5A60C053-EE45-4505-8BA6-31013EF1944F}"
EndProject
Project("{2150E333-8FDC-42A3-9474-1A3956D46DE8}") = "Scheduling", "Scheduling", "{554A8C7F-B31C-4BB3-B177-F2F0CA3A3430}"
EndProject
Project("{FAE04EC0-301F-11D3-BF4B-00C04F79EFBC}") = "SimpleScheduler", "examples\scheduling\SimpleScheduler\SimpleScheduler.csproj", "{58058883-E14A-4DE9-8292-73DEE927644B}"
EndProject
Project("{2150E333-8FDC-42A3-9474-1A3956D46DE8}") = "Clustering", "Clustering", "{9E0FECD3-035D-4EC2-B507-DB4CD8A79DFC}"
EndProject
Project("{2150E333-8FDC-42A3-9474-1A3956D46DE8}") = "ClusterHelloWorld", "ClusterHelloWorld", "{4C0A85C5-91FF-40DD-A9F6-2371D4D4E744}"
EndProject
Project("{2150E333-8FDC-42A3-9474-1A3956D46DE8}") = "ClusterGrainHelloWorld", "ClusterGrainHelloWorld", "{3D896A9D-037F-4802-B9D6-27C94FC13116}"
EndProject
Project("{2150E333-8FDC-42A3-9474-1A3956D46DE8}") = "ClusterStabilityTest", "ClusterStabilityTest", "{F6CF04ED-E493-4684-A850-A467DF4E4182}"
EndProject
Project("{FAE04EC0-301F-11D3-BF4B-00C04F79EFBC}") = "Messages", "examples\clustering\ClusterGrainHelloWorld\Messages\Messages.csproj", "{03103354-5CEF-4971-B7F0-95A63C082C55}"
EndProject
Project("{FAE04EC0-301F-11D3-BF4B-00C04F79EFBC}") = "Node1", "examples\clustering\ClusterGrainHelloWorld\Node1\Node1.csproj", "{8F8CC88C-9631-4E5F-BA4C-7C32C5CC1A6A}"
EndProject
Project("{FAE04EC0-301F-11D3-BF4B-00C04F79EFBC}") = "Node2", "examples\clustering\ClusterGrainHelloWorld\Node2\Node2.csproj", "{A93B7CD8-D071-430C-AA5F-0A408B30A2EC}"
EndProject
Project("{FAE04EC0-301F-11D3-BF4B-00C04F79EFBC}") = "Messages", "examples\clustering\ClusterHelloWorld\Messages\Messages.csproj", "{990C2397-CBCD-4EDE-8C0B-75BD9D74F7C9}"
EndProject
Project("{FAE04EC0-301F-11D3-BF4B-00C04F79EFBC}") = "Node1", "examples\clustering\ClusterHelloWorld\Node1\Node1.csproj", "{559B1684-42D1-4666-B02D-5086A00E17BD}"
EndProject
Project("{FAE04EC0-301F-11D3-BF4B-00C04F79EFBC}") = "Node2", "examples\clustering\ClusterHelloWorld\Node2\Node2.csproj", "{1BA7F2C8-EC10-41C3-A402-CAE55323C171}"
EndProject
Project("{FAE04EC0-301F-11D3-BF4B-00C04F79EFBC}") = "Messages", "examples\clustering\ClusterStabilityTest\Messages\Messages.csproj", "{F0B3837C-3811-4AD2-B1EF-6FF25AE7DD69}"
EndProject
Project("{FAE04EC0-301F-11D3-BF4B-00C04F79EFBC}") = "TestApp", "examples\clustering\ClusterStabilityTest\Node1\TestApp.csproj", "{BCC3201E-0750-4342-BAA2-76F3CAA65872}"
EndProject
Project("{2150E333-8FDC-42A3-9474-1A3956D46DE8}") = "Extensions", "Extensions", "{AB730E77-1CDD-482E-91CA-1768F642819F}"
EndProject
Project("{FAE04EC0-301F-11D3-BF4B-00C04F79EFBC}") = "Proto.Actor.Extensions", "src\extensions\Proto.Actor.Extensions\Proto.Actor.Extensions.csproj", "{F73F9F9F-F397-4603-AD05-F6D6F7A9B1FB}"
EndProject
Project("{FAE04EC0-301F-11D3-BF4B-00C04F79EFBC}") = "Proto.Actor.Extensions.Tests", "tests\extensions\Proto.Actor.Extensions.Tests\Proto.Actor.Extensions.Tests.csproj", "{DAF0C2CE-1834-4534-BDAA-982C7DBF3B04}"
EndProject
Project("{FAE04EC0-301F-11D3-BF4B-00C04F79EFBC}") = "Proto.OpenTracing.Tests", "tests\diagnostics\Proto.OpenTracing.Tests\Proto.OpenTracing.Tests.csproj", "{07012E32-1CFD-4204-A195-5CDE7B6B1FDB}"
EndProject
Project("{2150E333-8FDC-42A3-9474-1A3956D46DE8}") = "Testing", "Testing", "{DAF28DDB-433F-4452-B1D7-09BBCD7DA0A0}"
EndProject
Project("{FAE04EC0-301F-11D3-BF4B-00C04F79EFBC}") = "Proto.TestFixtures", "tests\Proto.TestFixtures\Proto.TestFixtures.csproj", "{E89CBE67-D369-400C-94A3-860E01651444}"
EndProject
Project("{2150E333-8FDC-42A3-9474-1A3956D46DE8}") = "Extensions", "Extensions", "{A02A97C0-7273-491C-8932-868DC71D8697}"
EndProject
Project("{FAE04EC0-301F-11D3-BF4B-00C04F79EFBC}") = "DependencyInjection", "examples\extensions\DependencyInjection\DependencyInjection.csproj", "{A640A2FC-50B8-4B37-B84A-DBB696F4FDDB}"
EndProject
Project("{FAE04EC0-301F-11D3-BF4B-00C04F79EFBC}") = "Proto.Cluster.Kubernetes", "src\clustering\Proto.Cluster.Kubernetes\Proto.Cluster.Kubernetes.csproj", "{6D3615C0-5199-4A77-A75B-B4179C824BBE}"
EndProject
Project("{FAE04EC0-301F-11D3-BF4B-00C04F79EFBC}") = "Proto.Cluster.Extensions", "src\extensions\Proto.Cluster.Extensions\Proto.Cluster.Extensions.csproj", "{7E8041E2-CD03-4D72-9DF0-9CCF2ADD7CA2}"
EndProject
Global
	GlobalSection(SolutionConfigurationPlatforms) = preSolution
		Debug|Any CPU = Debug|Any CPU
		Release|Any CPU = Release|Any CPU
	EndGlobalSection
	GlobalSection(NestedProjects) = preSolution
		{7A5E4721-7FA6-4730-99C6-E098481CA20C} = {7796E3D6-5FAA-4867-A213-32A4120D7B46}
		{AF0E9955-6C57-46A6-B11B-AA0AB3628331} = {7796E3D6-5FAA-4867-A213-32A4120D7B46}
		{43B397CD-03D5-4C46-A661-4A176D13598B} = {7796E3D6-5FAA-4867-A213-32A4120D7B46}
		{4A088F98-7D5B-4DAB-ABF5-D23AC1A07AC5} = {7796E3D6-5FAA-4867-A213-32A4120D7B46}
		{551466A9-1E7A-4438-9173-44F5C24DD052} = {7796E3D6-5FAA-4867-A213-32A4120D7B46}
		{5DE15B17-9EBA-48DD-88BE-893660DB9A91} = {7796E3D6-5FAA-4867-A213-32A4120D7B46}
		{138B9857-119A-46C2-8331-FFE565CC48B0} = {7796E3D6-5FAA-4867-A213-32A4120D7B46}
		{0F829818-0DCD-4FEF-8195-9813A2568E92} = {F176E3CB-5CD5-4A0B-B41A-2E51646F7A46}
		{70819B45-7A6B-4CAE-AD85-CEA6A78ED3D7} = {8BEDAC75-5592-4ADC-B24C-D310E30A465C}
		{79C9363B-0948-4A10-830E-92231DC92DA0} = {D69DF265-249C-488C-8CC1-B33487AA19DA}
		{F2482D27-98FE-4B42-88A5-27744B80E5F3} = {D69DF265-249C-488C-8CC1-B33487AA19DA}
		{9C90CCAE-274E-4E70-8B7D-6FE307107F64} = {42894807-FBF3-41C1-9B73-36F6AF1207A0}
		{12CA1D41-F80A-47FF-A293-7A6410C1EAA5} = {D69DF265-249C-488C-8CC1-B33487AA19DA}
		{3A4B94E0-1078-488D-978F-BAFB71674381} = {9C27B4A5-97CF-46F0-AD1D-6899D238E1AB}
		{B6262CC6-3F09-4ABF-B1DC-10259EEB1CCC} = {3A4B94E0-1078-488D-978F-BAFB71674381}
		{609A371C-3F61-452F-8E0C-6FC11F564B7E} = {3A4B94E0-1078-488D-978F-BAFB71674381}
		{1FA651EB-2634-42BE-BFD3-D103E26F6519} = {3A4B94E0-1078-488D-978F-BAFB71674381}
		{F180797D-D2B7-4EC8-A0BC-65EAB4C475F9} = {749669AE-5A73-4818-9153-47D3338551A4}
		{69F69497-0C86-410F-9908-F7572FE2D9E3} = {F180797D-D2B7-4EC8-A0BC-65EAB4C475F9}
		{FF26DB91-A59A-48A1-A597-FB4C71B67103} = {F180797D-D2B7-4EC8-A0BC-65EAB4C475F9}
		{32833839-B8C2-4972-A6C3-0A9A8DF26144} = {749669AE-5A73-4818-9153-47D3338551A4}
		{5A60C053-EE45-4505-8BA6-31013EF1944F} = {32833839-B8C2-4972-A6C3-0A9A8DF26144}
		{554A8C7F-B31C-4BB3-B177-F2F0CA3A3430} = {749669AE-5A73-4818-9153-47D3338551A4}
		{58058883-E14A-4DE9-8292-73DEE927644B} = {554A8C7F-B31C-4BB3-B177-F2F0CA3A3430}
		{9E0FECD3-035D-4EC2-B507-DB4CD8A79DFC} = {749669AE-5A73-4818-9153-47D3338551A4}
		{4C0A85C5-91FF-40DD-A9F6-2371D4D4E744} = {9E0FECD3-035D-4EC2-B507-DB4CD8A79DFC}
		{3D896A9D-037F-4802-B9D6-27C94FC13116} = {9E0FECD3-035D-4EC2-B507-DB4CD8A79DFC}
		{F6CF04ED-E493-4684-A850-A467DF4E4182} = {9E0FECD3-035D-4EC2-B507-DB4CD8A79DFC}
		{03103354-5CEF-4971-B7F0-95A63C082C55} = {3D896A9D-037F-4802-B9D6-27C94FC13116}
		{8F8CC88C-9631-4E5F-BA4C-7C32C5CC1A6A} = {3D896A9D-037F-4802-B9D6-27C94FC13116}
		{A93B7CD8-D071-430C-AA5F-0A408B30A2EC} = {3D896A9D-037F-4802-B9D6-27C94FC13116}
		{990C2397-CBCD-4EDE-8C0B-75BD9D74F7C9} = {4C0A85C5-91FF-40DD-A9F6-2371D4D4E744}
		{559B1684-42D1-4666-B02D-5086A00E17BD} = {4C0A85C5-91FF-40DD-A9F6-2371D4D4E744}
		{1BA7F2C8-EC10-41C3-A402-CAE55323C171} = {4C0A85C5-91FF-40DD-A9F6-2371D4D4E744}
		{F0B3837C-3811-4AD2-B1EF-6FF25AE7DD69} = {F6CF04ED-E493-4684-A850-A467DF4E4182}
		{BCC3201E-0750-4342-BAA2-76F3CAA65872} = {F6CF04ED-E493-4684-A850-A467DF4E4182}
		{F73F9F9F-F397-4603-AD05-F6D6F7A9B1FB} = {AB730E77-1CDD-482E-91CA-1768F642819F}
		{DAF0C2CE-1834-4534-BDAA-982C7DBF3B04} = {AB730E77-1CDD-482E-91CA-1768F642819F}
		{07012E32-1CFD-4204-A195-5CDE7B6B1FDB} = {8BEDAC75-5592-4ADC-B24C-D310E30A465C}
		{E89CBE67-D369-400C-94A3-860E01651444} = {DAF28DDB-433F-4452-B1D7-09BBCD7DA0A0}
		{A02A97C0-7273-491C-8932-868DC71D8697} = {749669AE-5A73-4818-9153-47D3338551A4}
		{A640A2FC-50B8-4B37-B84A-DBB696F4FDDB} = {A02A97C0-7273-491C-8932-868DC71D8697}
		{6D3615C0-5199-4A77-A75B-B4179C824BBE} = {D69DF265-249C-488C-8CC1-B33487AA19DA}
		{7E8041E2-CD03-4D72-9DF0-9CCF2ADD7CA2} = {AB730E77-1CDD-482E-91CA-1768F642819F}
	EndGlobalSection
	GlobalSection(ProjectConfigurationPlatforms) = postSolution
		{7A5E4721-7FA6-4730-99C6-E098481CA20C}.Debug|Any CPU.ActiveCfg = Debug|Any CPU
		{7A5E4721-7FA6-4730-99C6-E098481CA20C}.Debug|Any CPU.Build.0 = Debug|Any CPU
		{7A5E4721-7FA6-4730-99C6-E098481CA20C}.Release|Any CPU.ActiveCfg = Release|Any CPU
		{7A5E4721-7FA6-4730-99C6-E098481CA20C}.Release|Any CPU.Build.0 = Release|Any CPU
		{AF0E9955-6C57-46A6-B11B-AA0AB3628331}.Debug|Any CPU.ActiveCfg = Debug|Any CPU
		{AF0E9955-6C57-46A6-B11B-AA0AB3628331}.Debug|Any CPU.Build.0 = Debug|Any CPU
		{AF0E9955-6C57-46A6-B11B-AA0AB3628331}.Release|Any CPU.ActiveCfg = Release|Any CPU
		{AF0E9955-6C57-46A6-B11B-AA0AB3628331}.Release|Any CPU.Build.0 = Release|Any CPU
		{43B397CD-03D5-4C46-A661-4A176D13598B}.Debug|Any CPU.ActiveCfg = Debug|Any CPU
		{43B397CD-03D5-4C46-A661-4A176D13598B}.Debug|Any CPU.Build.0 = Debug|Any CPU
		{43B397CD-03D5-4C46-A661-4A176D13598B}.Release|Any CPU.ActiveCfg = Release|Any CPU
		{43B397CD-03D5-4C46-A661-4A176D13598B}.Release|Any CPU.Build.0 = Release|Any CPU
		{4A088F98-7D5B-4DAB-ABF5-D23AC1A07AC5}.Debug|Any CPU.ActiveCfg = Debug|Any CPU
		{4A088F98-7D5B-4DAB-ABF5-D23AC1A07AC5}.Debug|Any CPU.Build.0 = Debug|Any CPU
		{4A088F98-7D5B-4DAB-ABF5-D23AC1A07AC5}.Release|Any CPU.ActiveCfg = Release|Any CPU
		{4A088F98-7D5B-4DAB-ABF5-D23AC1A07AC5}.Release|Any CPU.Build.0 = Release|Any CPU
		{551466A9-1E7A-4438-9173-44F5C24DD052}.Debug|Any CPU.ActiveCfg = Debug|Any CPU
		{551466A9-1E7A-4438-9173-44F5C24DD052}.Debug|Any CPU.Build.0 = Debug|Any CPU
		{551466A9-1E7A-4438-9173-44F5C24DD052}.Release|Any CPU.ActiveCfg = Release|Any CPU
		{551466A9-1E7A-4438-9173-44F5C24DD052}.Release|Any CPU.Build.0 = Release|Any CPU
		{5DE15B17-9EBA-48DD-88BE-893660DB9A91}.Debug|Any CPU.ActiveCfg = Debug|Any CPU
		{5DE15B17-9EBA-48DD-88BE-893660DB9A91}.Debug|Any CPU.Build.0 = Debug|Any CPU
		{5DE15B17-9EBA-48DD-88BE-893660DB9A91}.Release|Any CPU.ActiveCfg = Release|Any CPU
		{5DE15B17-9EBA-48DD-88BE-893660DB9A91}.Release|Any CPU.Build.0 = Release|Any CPU
		{138B9857-119A-46C2-8331-FFE565CC48B0}.Debug|Any CPU.ActiveCfg = Debug|Any CPU
		{138B9857-119A-46C2-8331-FFE565CC48B0}.Debug|Any CPU.Build.0 = Debug|Any CPU
		{138B9857-119A-46C2-8331-FFE565CC48B0}.Release|Any CPU.ActiveCfg = Release|Any CPU
		{138B9857-119A-46C2-8331-FFE565CC48B0}.Release|Any CPU.Build.0 = Release|Any CPU
		{0F829818-0DCD-4FEF-8195-9813A2568E92}.Debug|Any CPU.ActiveCfg = Debug|Any CPU
		{0F829818-0DCD-4FEF-8195-9813A2568E92}.Debug|Any CPU.Build.0 = Debug|Any CPU
		{0F829818-0DCD-4FEF-8195-9813A2568E92}.Release|Any CPU.ActiveCfg = Release|Any CPU
		{0F829818-0DCD-4FEF-8195-9813A2568E92}.Release|Any CPU.Build.0 = Release|Any CPU
		{70819B45-7A6B-4CAE-AD85-CEA6A78ED3D7}.Debug|Any CPU.ActiveCfg = Debug|Any CPU
		{70819B45-7A6B-4CAE-AD85-CEA6A78ED3D7}.Debug|Any CPU.Build.0 = Debug|Any CPU
		{70819B45-7A6B-4CAE-AD85-CEA6A78ED3D7}.Release|Any CPU.ActiveCfg = Release|Any CPU
		{70819B45-7A6B-4CAE-AD85-CEA6A78ED3D7}.Release|Any CPU.Build.0 = Release|Any CPU
		{79C9363B-0948-4A10-830E-92231DC92DA0}.Debug|Any CPU.ActiveCfg = Debug|Any CPU
		{79C9363B-0948-4A10-830E-92231DC92DA0}.Debug|Any CPU.Build.0 = Debug|Any CPU
		{79C9363B-0948-4A10-830E-92231DC92DA0}.Release|Any CPU.ActiveCfg = Release|Any CPU
		{79C9363B-0948-4A10-830E-92231DC92DA0}.Release|Any CPU.Build.0 = Release|Any CPU
		{F2482D27-98FE-4B42-88A5-27744B80E5F3}.Debug|Any CPU.ActiveCfg = Debug|Any CPU
		{F2482D27-98FE-4B42-88A5-27744B80E5F3}.Debug|Any CPU.Build.0 = Debug|Any CPU
		{F2482D27-98FE-4B42-88A5-27744B80E5F3}.Release|Any CPU.ActiveCfg = Release|Any CPU
		{F2482D27-98FE-4B42-88A5-27744B80E5F3}.Release|Any CPU.Build.0 = Release|Any CPU
		{9C90CCAE-274E-4E70-8B7D-6FE307107F64}.Debug|Any CPU.ActiveCfg = Debug|Any CPU
		{9C90CCAE-274E-4E70-8B7D-6FE307107F64}.Debug|Any CPU.Build.0 = Debug|Any CPU
		{9C90CCAE-274E-4E70-8B7D-6FE307107F64}.Release|Any CPU.ActiveCfg = Release|Any CPU
		{9C90CCAE-274E-4E70-8B7D-6FE307107F64}.Release|Any CPU.Build.0 = Release|Any CPU
		{12CA1D41-F80A-47FF-A293-7A6410C1EAA5}.Debug|Any CPU.ActiveCfg = Debug|Any CPU
		{12CA1D41-F80A-47FF-A293-7A6410C1EAA5}.Debug|Any CPU.Build.0 = Debug|Any CPU
		{12CA1D41-F80A-47FF-A293-7A6410C1EAA5}.Release|Any CPU.ActiveCfg = Release|Any CPU
		{12CA1D41-F80A-47FF-A293-7A6410C1EAA5}.Release|Any CPU.Build.0 = Release|Any CPU
		{B6262CC6-3F09-4ABF-B1DC-10259EEB1CCC}.Debug|Any CPU.ActiveCfg = Debug|Any CPU
		{B6262CC6-3F09-4ABF-B1DC-10259EEB1CCC}.Debug|Any CPU.Build.0 = Debug|Any CPU
		{B6262CC6-3F09-4ABF-B1DC-10259EEB1CCC}.Release|Any CPU.ActiveCfg = Release|Any CPU
		{B6262CC6-3F09-4ABF-B1DC-10259EEB1CCC}.Release|Any CPU.Build.0 = Release|Any CPU
		{609A371C-3F61-452F-8E0C-6FC11F564B7E}.Debug|Any CPU.ActiveCfg = Debug|Any CPU
		{609A371C-3F61-452F-8E0C-6FC11F564B7E}.Debug|Any CPU.Build.0 = Debug|Any CPU
		{609A371C-3F61-452F-8E0C-6FC11F564B7E}.Release|Any CPU.ActiveCfg = Release|Any CPU
		{609A371C-3F61-452F-8E0C-6FC11F564B7E}.Release|Any CPU.Build.0 = Release|Any CPU
		{1FA651EB-2634-42BE-BFD3-D103E26F6519}.Debug|Any CPU.ActiveCfg = Debug|Any CPU
		{1FA651EB-2634-42BE-BFD3-D103E26F6519}.Debug|Any CPU.Build.0 = Debug|Any CPU
		{1FA651EB-2634-42BE-BFD3-D103E26F6519}.Release|Any CPU.ActiveCfg = Release|Any CPU
		{1FA651EB-2634-42BE-BFD3-D103E26F6519}.Release|Any CPU.Build.0 = Release|Any CPU
		{69F69497-0C86-410F-9908-F7572FE2D9E3}.Debug|Any CPU.ActiveCfg = Debug|Any CPU
		{69F69497-0C86-410F-9908-F7572FE2D9E3}.Debug|Any CPU.Build.0 = Debug|Any CPU
		{69F69497-0C86-410F-9908-F7572FE2D9E3}.Release|Any CPU.ActiveCfg = Release|Any CPU
		{69F69497-0C86-410F-9908-F7572FE2D9E3}.Release|Any CPU.Build.0 = Release|Any CPU
		{FF26DB91-A59A-48A1-A597-FB4C71B67103}.Debug|Any CPU.ActiveCfg = Debug|Any CPU
		{FF26DB91-A59A-48A1-A597-FB4C71B67103}.Debug|Any CPU.Build.0 = Debug|Any CPU
		{FF26DB91-A59A-48A1-A597-FB4C71B67103}.Release|Any CPU.ActiveCfg = Release|Any CPU
		{FF26DB91-A59A-48A1-A597-FB4C71B67103}.Release|Any CPU.Build.0 = Release|Any CPU
		{5A60C053-EE45-4505-8BA6-31013EF1944F}.Debug|Any CPU.ActiveCfg = Debug|Any CPU
		{5A60C053-EE45-4505-8BA6-31013EF1944F}.Debug|Any CPU.Build.0 = Debug|Any CPU
		{5A60C053-EE45-4505-8BA6-31013EF1944F}.Release|Any CPU.ActiveCfg = Release|Any CPU
		{5A60C053-EE45-4505-8BA6-31013EF1944F}.Release|Any CPU.Build.0 = Release|Any CPU
		{58058883-E14A-4DE9-8292-73DEE927644B}.Debug|Any CPU.ActiveCfg = Debug|Any CPU
		{58058883-E14A-4DE9-8292-73DEE927644B}.Debug|Any CPU.Build.0 = Debug|Any CPU
		{58058883-E14A-4DE9-8292-73DEE927644B}.Release|Any CPU.ActiveCfg = Release|Any CPU
		{58058883-E14A-4DE9-8292-73DEE927644B}.Release|Any CPU.Build.0 = Release|Any CPU
		{03103354-5CEF-4971-B7F0-95A63C082C55}.Debug|Any CPU.ActiveCfg = Debug|Any CPU
		{03103354-5CEF-4971-B7F0-95A63C082C55}.Debug|Any CPU.Build.0 = Debug|Any CPU
		{03103354-5CEF-4971-B7F0-95A63C082C55}.Release|Any CPU.ActiveCfg = Release|Any CPU
		{03103354-5CEF-4971-B7F0-95A63C082C55}.Release|Any CPU.Build.0 = Release|Any CPU
		{8F8CC88C-9631-4E5F-BA4C-7C32C5CC1A6A}.Debug|Any CPU.ActiveCfg = Debug|Any CPU
		{8F8CC88C-9631-4E5F-BA4C-7C32C5CC1A6A}.Debug|Any CPU.Build.0 = Debug|Any CPU
		{8F8CC88C-9631-4E5F-BA4C-7C32C5CC1A6A}.Release|Any CPU.ActiveCfg = Release|Any CPU
		{8F8CC88C-9631-4E5F-BA4C-7C32C5CC1A6A}.Release|Any CPU.Build.0 = Release|Any CPU
		{A93B7CD8-D071-430C-AA5F-0A408B30A2EC}.Debug|Any CPU.ActiveCfg = Debug|Any CPU
		{A93B7CD8-D071-430C-AA5F-0A408B30A2EC}.Debug|Any CPU.Build.0 = Debug|Any CPU
		{A93B7CD8-D071-430C-AA5F-0A408B30A2EC}.Release|Any CPU.ActiveCfg = Release|Any CPU
		{A93B7CD8-D071-430C-AA5F-0A408B30A2EC}.Release|Any CPU.Build.0 = Release|Any CPU
		{990C2397-CBCD-4EDE-8C0B-75BD9D74F7C9}.Debug|Any CPU.ActiveCfg = Debug|Any CPU
		{990C2397-CBCD-4EDE-8C0B-75BD9D74F7C9}.Debug|Any CPU.Build.0 = Debug|Any CPU
		{990C2397-CBCD-4EDE-8C0B-75BD9D74F7C9}.Release|Any CPU.ActiveCfg = Release|Any CPU
		{990C2397-CBCD-4EDE-8C0B-75BD9D74F7C9}.Release|Any CPU.Build.0 = Release|Any CPU
		{559B1684-42D1-4666-B02D-5086A00E17BD}.Debug|Any CPU.ActiveCfg = Debug|Any CPU
		{559B1684-42D1-4666-B02D-5086A00E17BD}.Debug|Any CPU.Build.0 = Debug|Any CPU
		{559B1684-42D1-4666-B02D-5086A00E17BD}.Release|Any CPU.ActiveCfg = Release|Any CPU
		{559B1684-42D1-4666-B02D-5086A00E17BD}.Release|Any CPU.Build.0 = Release|Any CPU
		{1BA7F2C8-EC10-41C3-A402-CAE55323C171}.Debug|Any CPU.ActiveCfg = Debug|Any CPU
		{1BA7F2C8-EC10-41C3-A402-CAE55323C171}.Debug|Any CPU.Build.0 = Debug|Any CPU
		{1BA7F2C8-EC10-41C3-A402-CAE55323C171}.Release|Any CPU.ActiveCfg = Release|Any CPU
		{1BA7F2C8-EC10-41C3-A402-CAE55323C171}.Release|Any CPU.Build.0 = Release|Any CPU
		{F0B3837C-3811-4AD2-B1EF-6FF25AE7DD69}.Debug|Any CPU.ActiveCfg = Debug|Any CPU
		{F0B3837C-3811-4AD2-B1EF-6FF25AE7DD69}.Debug|Any CPU.Build.0 = Debug|Any CPU
		{F0B3837C-3811-4AD2-B1EF-6FF25AE7DD69}.Release|Any CPU.ActiveCfg = Release|Any CPU
		{F0B3837C-3811-4AD2-B1EF-6FF25AE7DD69}.Release|Any CPU.Build.0 = Release|Any CPU
		{BCC3201E-0750-4342-BAA2-76F3CAA65872}.Debug|Any CPU.ActiveCfg = Debug|Any CPU
		{BCC3201E-0750-4342-BAA2-76F3CAA65872}.Debug|Any CPU.Build.0 = Debug|Any CPU
		{BCC3201E-0750-4342-BAA2-76F3CAA65872}.Release|Any CPU.ActiveCfg = Release|Any CPU
		{BCC3201E-0750-4342-BAA2-76F3CAA65872}.Release|Any CPU.Build.0 = Release|Any CPU
		{F73F9F9F-F397-4603-AD05-F6D6F7A9B1FB}.Debug|Any CPU.ActiveCfg = Debug|Any CPU
		{F73F9F9F-F397-4603-AD05-F6D6F7A9B1FB}.Debug|Any CPU.Build.0 = Debug|Any CPU
		{F73F9F9F-F397-4603-AD05-F6D6F7A9B1FB}.Release|Any CPU.ActiveCfg = Release|Any CPU
		{F73F9F9F-F397-4603-AD05-F6D6F7A9B1FB}.Release|Any CPU.Build.0 = Release|Any CPU
		{DAF0C2CE-1834-4534-BDAA-982C7DBF3B04}.Debug|Any CPU.ActiveCfg = Debug|Any CPU
		{DAF0C2CE-1834-4534-BDAA-982C7DBF3B04}.Debug|Any CPU.Build.0 = Debug|Any CPU
		{DAF0C2CE-1834-4534-BDAA-982C7DBF3B04}.Release|Any CPU.ActiveCfg = Release|Any CPU
		{DAF0C2CE-1834-4534-BDAA-982C7DBF3B04}.Release|Any CPU.Build.0 = Release|Any CPU
		{07012E32-1CFD-4204-A195-5CDE7B6B1FDB}.Debug|Any CPU.ActiveCfg = Debug|Any CPU
		{07012E32-1CFD-4204-A195-5CDE7B6B1FDB}.Debug|Any CPU.Build.0 = Debug|Any CPU
		{07012E32-1CFD-4204-A195-5CDE7B6B1FDB}.Release|Any CPU.ActiveCfg = Release|Any CPU
		{07012E32-1CFD-4204-A195-5CDE7B6B1FDB}.Release|Any CPU.Build.0 = Release|Any CPU
		{E89CBE67-D369-400C-94A3-860E01651444}.Debug|Any CPU.ActiveCfg = Debug|Any CPU
		{E89CBE67-D369-400C-94A3-860E01651444}.Debug|Any CPU.Build.0 = Debug|Any CPU
		{E89CBE67-D369-400C-94A3-860E01651444}.Release|Any CPU.ActiveCfg = Release|Any CPU
		{E89CBE67-D369-400C-94A3-860E01651444}.Release|Any CPU.Build.0 = Release|Any CPU
		{A640A2FC-50B8-4B37-B84A-DBB696F4FDDB}.Debug|Any CPU.ActiveCfg = Debug|Any CPU
		{A640A2FC-50B8-4B37-B84A-DBB696F4FDDB}.Debug|Any CPU.Build.0 = Debug|Any CPU
		{A640A2FC-50B8-4B37-B84A-DBB696F4FDDB}.Release|Any CPU.ActiveCfg = Release|Any CPU
		{A640A2FC-50B8-4B37-B84A-DBB696F4FDDB}.Release|Any CPU.Build.0 = Release|Any CPU
		{6D3615C0-5199-4A77-A75B-B4179C824BBE}.Debug|Any CPU.ActiveCfg = Debug|Any CPU
		{6D3615C0-5199-4A77-A75B-B4179C824BBE}.Debug|Any CPU.Build.0 = Debug|Any CPU
		{6D3615C0-5199-4A77-A75B-B4179C824BBE}.Release|Any CPU.ActiveCfg = Release|Any CPU
		{6D3615C0-5199-4A77-A75B-B4179C824BBE}.Release|Any CPU.Build.0 = Release|Any CPU
		{7E8041E2-CD03-4D72-9DF0-9CCF2ADD7CA2}.Debug|Any CPU.ActiveCfg = Debug|Any CPU
		{7E8041E2-CD03-4D72-9DF0-9CCF2ADD7CA2}.Debug|Any CPU.Build.0 = Debug|Any CPU
		{7E8041E2-CD03-4D72-9DF0-9CCF2ADD7CA2}.Release|Any CPU.ActiveCfg = Release|Any CPU
		{7E8041E2-CD03-4D72-9DF0-9CCF2ADD7CA2}.Release|Any CPU.Build.0 = Release|Any CPU
	EndGlobalSection
EndGlobal
